
Microsoft Visual Studio Solution File, Format Version 12.00
# Visual Studio Version 17
VisualStudioVersion = 17.3.32901.215
MinimumVisualStudioVersion = 10.0.40219.1
Project("{FAE04EC0-301F-11D3-BF4B-00C04F79EFBC}") = "WindowsFormsApp2", "WindowsFormsApp2\WindowsFormsApp2.csproj", "{16ADA82F-BF5B-4E2C-94E0-FA9E974B63D7}"
EndProject
Global
	GlobalSection(SolutionConfigurationPlatforms) = preSolution
		Debug|Any CPU = Debug|Any CPU
		Release|Any CPU = Release|Any CPU
	EndGlobalSection
	GlobalSection(ProjectConfigurationPlatforms) = postSolution
		{16ADA82F-BF5B-4E2C-94E0-FA9E974B63D7}.Debug|Any CPU.ActiveCfg = Debug|Any CPU
		{16ADA82F-BF5B-4E2C-94E0-FA9E974B63D7}.Debug|Any CPU.Build.0 = Debug|Any CPU
		{16ADA82F-BF5B-4E2C-94E0-FA9E974B63D7}.Release|Any CPU.ActiveCfg = Release|Any CPU
		{16ADA82F-BF5B-4E2C-94E0-FA9E974B63D7}.Release|Any CPU.Build.0 = Release|Any CPU
	EndGlobalSection
	GlobalSection(SolutionProperties) = preSolution
		HideSolutionNode = FALSE
	EndGlobalSection
	GlobalSection(ExtensibilityGlobals) = postSolution
		SolutionGuid = {3DFDB8F8-D988-48A7-8C4E-3E3BF2804E4E}
	EndGlobalSection
EndGlobal
